
Microsoft Visual Studio Solution File, Format Version 12.00
# Visual Studio Version 18
VisualStudioVersion = 18.4.11605.240
MinimumVisualStudioVersion = 10.0.40219.1
Project("{FAE04EC0-301F-11D3-BF4B-00C04F79EFBC}") = "Pumex.Daemon", "src\Pumex.Daemon\Pumex.Daemon.csproj", "{3E818528-1F8F-70E3-7BEC-47C7D92BB46F}"
EndProject
Project("{FAE04EC0-301F-11D3-BF4B-00C04F79EFBC}") = "Pumex.Contracts", "src\Pumex.Contracts\Pumex.Contracts.csproj", "{74B32D77-9722-4FA6-977B-8EE468F9E3A4}"
EndProject
Project("{FAE04EC0-301F-11D3-BF4B-00C04F79EFBC}") = "Pumex.Cli", "src\Pumex.Cli\Pumex.Cli.csproj", "{6D80E461-2BC6-4D4E-98DF-4F1293A1F925}"
EndProject
Project("{FAE04EC0-301F-11D3-BF4B-00C04F79EFBC}") = "Pumex.Contracts.Tests", "src\Pumex.Contracts.Tests\Pumex.Contracts.Tests.csproj", "{245AE8A9-7911-4793-B760-83742CA657C7}"
EndProject
Project("{FAE04EC0-301F-11D3-BF4B-00C04F79EFBC}") = "Pumex.Daemon.Tests", "src\Pumex.Daemon.Tests\Pumex.Daemon.Tests.csproj", "{7B646F34-CBF9-4122-AB20-FF03A64D1EA1}"
EndProject
Project("{FAE04EC0-301F-11D3-BF4B-00C04F79EFBC}") = "Pumex.Cli.Tests", "src\Pumex.Cli.Tests\Pumex.Cli.Tests.csproj", "{A33943F0-E384-4DDE-A9B0-7B35ECB55B67}"
EndProject
Project("{FAE04EC0-301F-11D3-BF4B-00C04F79EFBC}") = "Pumex.Daemon.IntegrationTests", "src\Pumex.Daemon.IntegrationTests\Pumex.Daemon.IntegrationTests.csproj", "{B2581C5D-4620-4894-84FB-AD1F7BB7E20A}"
EndProject
Project("{FAE04EC0-301F-11D3-BF4B-00C04F79EFBC}") = "Pumex.Benchmarks", "src\Pumex.Benchmarks\Pumex.Benchmarks.csproj", "{D243129E-541F-4449-88BD-3B8B19F6FDCF}"
EndProject
Global
	GlobalSection(SolutionConfigurationPlatforms) = preSolution
		Debug|Any CPU = Debug|Any CPU
		Debug|x64 = Debug|x64
		Debug|x86 = Debug|x86
		Release|Any CPU = Release|Any CPU
		Release|x64 = Release|x64
		Release|x86 = Release|x86
	EndGlobalSection
	GlobalSection(ProjectConfigurationPlatforms) = postSolution
		{3E818528-1F8F-70E3-7BEC-47C7D92BB46F}.Debug|Any CPU.ActiveCfg = Debug|Any CPU
		{3E818528-1F8F-70E3-7BEC-47C7D92BB46F}.Debug|Any CPU.Build.0 = Debug|Any CPU
		{3E818528-1F8F-70E3-7BEC-47C7D92BB46F}.Debug|x64.ActiveCfg = Debug|Any CPU
		{3E818528-1F8F-70E3-7BEC-47C7D92BB46F}.Debug|x64.Build.0 = Debug|Any CPU
		{3E818528-1F8F-70E3-7BEC-47C7D92BB46F}.Debug|x86.ActiveCfg = Debug|Any CPU
		{3E818528-1F8F-70E3-7BEC-47C7D92BB46F}.Debug|x86.Build.0 = Debug|Any CPU
		{3E818528-1F8F-70E3-7BEC-47C7D92BB46F}.Release|Any CPU.ActiveCfg = Release|Any CPU
		{3E818528-1F8F-70E3-7BEC-47C7D92BB46F}.Release|Any CPU.Build.0 = Release|Any CPU
		{3E818528-1F8F-70E3-7BEC-47C7D92BB46F}.Release|x64.ActiveCfg = Release|Any CPU
		{3E818528-1F8F-70E3-7BEC-47C7D92BB46F}.Release|x64.Build.0 = Release|Any CPU
		{3E818528-1F8F-70E3-7BEC-47C7D92BB46F}.Release|x86.ActiveCfg = Release|Any CPU
		{3E818528-1F8F-70E3-7BEC-47C7D92BB46F}.Release|x86.Build.0 = Release|Any CPU
		{74B32D77-9722-4FA6-977B-8EE468F9E3A4}.Debug|Any CPU.ActiveCfg = Debug|Any CPU
		{74B32D77-9722-4FA6-977B-8EE468F9E3A4}.Debug|Any CPU.Build.0 = Debug|Any CPU
		{74B32D77-9722-4FA6-977B-8EE468F9E3A4}.Debug|x64.ActiveCfg = Debug|Any CPU
		{74B32D77-9722-4FA6-977B-8EE468F9E3A4}.Debug|x64.Build.0 = Debug|Any CPU
		{74B32D77-9722-4FA6-977B-8EE468F9E3A4}.Debug|x86.ActiveCfg = Debug|Any CPU
		{74B32D77-9722-4FA6-977B-8EE468F9E3A4}.Debug|x86.Build.0 = Debug|Any CPU
		{74B32D77-9722-4FA6-977B-8EE468F9E3A4}.Release|Any CPU.ActiveCfg = Release|Any CPU
		{74B32D77-9722-4FA6-977B-8EE468F9E3A4}.Release|Any CPU.Build.0 = Release|Any CPU
		{74B32D77-9722-4FA6-977B-8EE468F9E3A4}.Release|x64.ActiveCfg = Release|Any CPU
		{74B32D77-9722-4FA6-977B-8EE468F9E3A4}.Release|x64.Build.0 = Release|Any CPU
		{74B32D77-9722-4FA6-977B-8EE468F9E3A4}.Release|x86.ActiveCfg = Release|Any CPU
		{74B32D77-9722-4FA6-977B-8EE468F9E3A4}.Release|x86.Build.0 = Release|Any CPU
		{6D80E461-2BC6-4D4E-98DF-4F1293A1F925}.Debug|Any CPU.ActiveCfg = Debug|Any CPU
		{6D80E461-2BC6-4D4E-98DF-4F1293A1F925}.Debug|Any CPU.Build.0 = Debug|Any CPU
		{6D80E461-2BC6-4D4E-98DF-4F1293A1F925}.Debug|x64.ActiveCfg = Debug|Any CPU
		{6D80E461-2BC6-4D4E-98DF-4F1293A1F925}.Debug|x64.Build.0 = Debug|Any CPU
		{6D80E461-2BC6-4D4E-98DF-4F1293A1F925}.Debug|x86.ActiveCfg = Debug|Any CPU
		{6D80E461-2BC6-4D4E-98DF-4F1293A1F925}.Debug|x86.Build.0 = Debug|Any CPU
		{6D80E461-2BC6-4D4E-98DF-4F1293A1F925}.Release|Any CPU.ActiveCfg = Release|Any CPU
		{6D80E461-2BC6-4D4E-98DF-4F1293A1F925}.Release|Any CPU.Build.0 = Release|Any CPU
		{6D80E461-2BC6-4D4E-98DF-4F1293A1F925}.Release|x64.ActiveCfg = Release|Any CPU
		{6D80E461-2BC6-4D4E-98DF-4F1293A1F925}.Release|x64.Build.0 = Release|Any CPU
		{6D80E461-2BC6-4D4E-98DF-4F1293A1F925}.Release|x86.ActiveCfg = Release|Any CPU
		{6D80E461-2BC6-4D4E-98DF-4F1293A1F925}.Release|x86.Build.0 = Release|Any CPU
		{245AE8A9-7911-4793-B760-83742CA657C7}.Debug|Any CPU.ActiveCfg = Debug|Any CPU
		{245AE8A9-7911-4793-B760-83742CA657C7}.Debug|Any CPU.Build.0 = Debug|Any CPU
		{245AE8A9-7911-4793-B760-83742CA657C7}.Debug|x64.ActiveCfg = Debug|Any CPU
		{245AE8A9-7911-4793-B760-83742CA657C7}.Debug|x64.Build.0 = Debug|Any CPU
		{245AE8A9-7911-4793-B760-83742CA657C7}.Debug|x86.ActiveCfg = Debug|Any CPU
		{245AE8A9-7911-4793-B760-83742CA657C7}.Debug|x86.Build.0 = Debug|Any CPU
		{245AE8A9-7911-4793-B760-83742CA657C7}.Release|Any CPU.ActiveCfg = Release|Any CPU
		{245AE8A9-7911-4793-B760-83742CA657C7}.Release|Any CPU.Build.0 = Release|Any CPU
		{245AE8A9-7911-4793-B760-83742CA657C7}.Release|x64.ActiveCfg = Release|Any CPU
		{245AE8A9-7911-4793-B760-83742CA657C7}.Release|x64.Build.0 = Release|Any CPU
		{245AE8A9-7911-4793-B760-83742CA657C7}.Release|x86.ActiveCfg = Release|Any CPU
		{245AE8A9-7911-4793-B760-83742CA657C7}.Release|x86.Build.0 = Release|Any CPU
		{7B646F34-CBF9-4122-AB20-FF03A64D1EA1}.Debug|Any CPU.ActiveCfg = Debug|Any CPU
		{7B646F34-CBF9-4122-AB20-FF03A64D1EA1}.Debug|Any CPU.Build.0 = Debug|Any CPU
		{7B646F34-CBF9-4122-AB20-FF03A64D1EA1}.Debug|x64.ActiveCfg = Debug|Any CPU
		{7B646F34-CBF9-4122-AB20-FF03A64D1EA1}.Debug|x64.Build.0 = Debug|Any CPU
		{7B646F34-CBF9-4122-AB20-FF03A64D1EA1}.Debug|x86.ActiveCfg = Debug|Any CPU
		{7B646F34-CBF9-4122-AB20-FF03A64D1EA1}.Debug|x86.Build.0 = Debug|Any CPU
		{7B646F34-CBF9-4122-AB20-FF03A64D1EA1}.Release|Any CPU.ActiveCfg = Release|Any CPU
		{7B646F34-CBF9-4122-AB20-FF03A64D1EA1}.Release|Any CPU.Build.0 = Release|Any CPU
		{7B646F34-CBF9-4122-AB20-FF03A64D1EA1}.Release|x64.ActiveCfg = Release|Any CPU
		{7B646F34-CBF9-4122-AB20-FF03A64D1EA1}.Release|x64.Build.0 = Release|Any CPU
		{7B646F34-CBF9-4122-AB20-FF03A64D1EA1}.Release|x86.ActiveCfg = Release|Any CPU
		{7B646F34-CBF9-4122-AB20-FF03A64D1EA1}.Release|x86.Build.0 = Release|Any CPU
		{A33943F0-E384-4DDE-A9B0-7B35ECB55B67}.Debug|Any CPU.ActiveCfg = Debug|Any CPU
		{A33943F0-E384-4DDE-A9B0-7B35ECB55B67}.Debug|Any CPU.Build.0 = Debug|Any CPU
		{A33943F0-E384-4DDE-A9B0-7B35ECB55B67}.Debug|x64.ActiveCfg = Debug|Any CPU
		{A33943F0-E384-4DDE-A9B0-7B35ECB55B67}.Debug|x64.Build.0 = Debug|Any CPU
		{A33943F0-E384-4DDE-A9B0-7B35ECB55B67}.Debug|x86.ActiveCfg = Debug|Any CPU
		{A33943F0-E384-4DDE-A9B0-7B35ECB55B67}.Debug|x86.Build.0 = Debug|Any CPU
		{A33943F0-E384-4DDE-A9B0-7B35ECB55B67}.Release|Any CPU.ActiveCfg = Release|Any CPU
		{A33943F0-E384-4DDE-A9B0-7B35ECB55B67}.Release|Any CPU.Build.0 = Release|Any CPU
		{A33943F0-E384-4DDE-A9B0-7B35ECB55B67}.Release|x64.ActiveCfg = Release|Any CPU
		{A33943F0-E384-4DDE-A9B0-7B35ECB55B67}.Release|x64.Build.0 = Release|Any CPU
		{A33943F0-E384-4DDE-A9B0-7B35ECB55B67}.Release|x86.ActiveCfg = Release|Any CPU
		{A33943F0-E384-4DDE-A9B0-7B35ECB55B67}.Release|x86.Build.0 = Release|Any CPU
		{B2581C5D-4620-4894-84FB-AD1F7BB7E20A}.Debug|Any CPU.ActiveCfg = Debug|Any CPU
		{B2581C5D-4620-4894-84FB-AD1F7BB7E20A}.Debug|Any CPU.Build.0 = Debug|Any CPU
		{B2581C5D-4620-4894-84FB-AD1F7BB7E20A}.Debug|x64.ActiveCfg = Debug|Any CPU
		{B2581C5D-4620-4894-84FB-AD1F7BB7E20A}.Debug|x64.Build.0 = Debug|Any CPU
		{B2581C5D-4620-4894-84FB-AD1F7BB7E20A}.Debug|x86.ActiveCfg = Debug|Any CPU
		{B2581C5D-4620-4894-84FB-AD1F7BB7E20A}.Debug|x86.Build.0 = Debug|Any CPU
		{B2581C5D-4620-4894-84FB-AD1F7BB7E20A}.Release|Any CPU.ActiveCfg = Release|Any CPU
		{B2581C5D-4620-4894-84FB-AD1F7BB7E20A}.Release|Any CPU.Build.0 = Release|Any CPU
		{B2581C5D-4620-4894-84FB-AD1F7BB7E20A}.Release|x64.ActiveCfg = Release|Any CPU
		{B2581C5D-4620-4894-84FB-AD1F7BB7E20A}.Release|x64.Build.0 = Release|Any CPU
		{B2581C5D-4620-4894-84FB-AD1F7BB7E20A}.Release|x86.ActiveCfg = Release|Any CPU
		{B2581C5D-4620-4894-84FB-AD1F7BB7E20A}.Release|x86.Build.0 = Release|Any CPU
		{D243129E-541F-4449-88BD-3B8B19F6FDCF}.Debug|Any CPU.ActiveCfg = Debug|Any CPU
		{D243129E-541F-4449-88BD-3B8B19F6FDCF}.Debug|Any CPU.Build.0 = Debug|Any CPU
		{D243129E-541F-4449-88BD-3B8B19F6FDCF}.Debug|x64.ActiveCfg = Debug|Any CPU
		{D243129E-541F-4449-88BD-3B8B19F6FDCF}.Debug|x64.Build.0 = Debug|Any CPU
		{D243129E-541F-4449-88BD-3B8B19F6FDCF}.Debug|x86.ActiveCfg = Debug|Any CPU
		{D243129E-541F-4449-88BD-3B8B19F6FDCF}.Debug|x86.Build.0 = Debug|Any CPU
		{D243129E-541F-4449-88BD-3B8B19F6FDCF}.Release|Any CPU.ActiveCfg = Release|Any CPU
		{D243129E-541F-4449-88BD-3B8B19F6FDCF}.Release|Any CPU.Build.0 = Release|Any CPU
		{D243129E-541F-4449-88BD-3B8B19F6FDCF}.Release|x64.ActiveCfg = Release|Any CPU
		{D243129E-541F-4449-88BD-3B8B19F6FDCF}.Release|x64.Build.0 = Release|Any CPU
		{D243129E-541F-4449-88BD-3B8B19F6FDCF}.Release|x86.ActiveCfg = Release|Any CPU
		{D243129E-541F-4449-88BD-3B8B19F6FDCF}.Release|x86.Build.0 = Release|Any CPU
	EndGlobalSection
	GlobalSection(SolutionProperties) = preSolution
		HideSolutionNode = FALSE
	EndGlobalSection
	GlobalSection(ExtensibilityGlobals) = postSolution
		SolutionGuid = {EDAB22F8-FC1E-4783-8F9F-185A84D67995}
	EndGlobalSection
EndGlobal
